PODS:
  - Cedar (0.9.1)
  - CedarAsync (0.0.1):
    - Cedar

DEPENDENCIES:
  - Cedar
  - CedarAsync

SPEC REPOS:
  https://github.com/CocoaPods/Specs.git:
    - Cedar
    - CedarAsync

SPEC CHECKSUMS:
  Cedar: 00412c9f6b7bf9c1fd307cff21903649c3d5f076
  CedarAsync: d2bbbff27948d521c7314d7a22f12040230f28e3

PODFILE CHECKSUM: a52a8934a5bd82d9ecda2b9dfc259439b7b16167

COCOAPODS: 1.5.0
